
Microsoft Visual Studio Solution File, Format Version 12.00
# Visual Studio Version 17
VisualStudioVersion = 17.14.36603.0 d17.14
MinimumVisualStudioVersion = 10.0.40219.1
Project("{FAE04EC0-301F-11D3-BF4B-00C04F79EFBC}") = "contackManeger", "contackManeger\contackManeger.csproj", "{0E7CDE4C-2F31-43E1-ADEA-FB3785CB5EAF}"
EndProject
Global
	GlobalSection(SolutionConfigurationPlatforms) = preSolution
		Debug|Any CPU = Debug|Any CPU
		Release|Any CPU = Release|Any CPU
	EndGlobalSection
	GlobalSection(ProjectConfigurationPlatforms) = postSolution
		{0E7CDE4C-2F31-43E1-ADEA-FB3785CB5EAF}.Debug|Any CPU.ActiveCfg = Debug|Any CPU
		{0E7CDE4C-2F31-43E1-ADEA-FB3785CB5EAF}.Debug|Any CPU.Build.0 = Debug|Any CPU
		{0E7CDE4C-2F31-43E1-ADEA-FB3785CB5EAF}.Release|Any CPU.ActiveCfg = Release|Any CPU
		{0E7CDE4C-2F31-43E1-ADEA-FB3785CB5EAF}.Release|Any CPU.Build.0 = Release|Any CPU
	EndGlobalSection
	GlobalSection(SolutionProperties) = preSolution
		HideSolutionNode = FALSE
	EndGlobalSection
	GlobalSection(ExtensibilityGlobals) = postSolution
		SolutionGuid = {E21D02C9-904E-4315-98D2-1D6ED2BEA9F2}
	EndGlobalSection
EndGlobal
